
Microsoft Visual Studio Solution File, Format Version 12.00
# Visual Studio Version 16
VisualStudioVersion = 16.0.31911.196
MinimumVisualStudioVersion = 10.0.40219.1
Project("{9A19103F-16F7-4668-BE54-9A1E7A4F7556}") = "DataAccess", "DataAccess\DataAccess.csproj", "{14D0F47A-68BF-4915-9228-8490A2CADC4B}"
EndProject
Project("{9A19103F-16F7-4668-BE54-9A1E7A4F7556}") = "Business", "Business\Business.csproj", "{15A367F4-9077-4D39-9B2D-CDA9D5D6A7C3}"
EndProject
Project("{9A19103F-16F7-4668-BE54-9A1E7A4F7556}") = "Entities", "Entities\Entities.csproj", "{72FD4AF5-56A6-4B91-8C4A-ADC40D489FF5}"
EndProject
Project("{9A19103F-16F7-4668-BE54-9A1E7A4F7556}") = "ConsoleUI", "ConsoleUI\ConsoleUI.csproj", "{4A4AF7BD-F51C-44A4-8C43-E358E86D05FF}"
EndProject
Project("{9A19103F-16F7-4668-BE54-9A1E7A4F7556}") = "Core", "Core\Core.csproj", "{B18821DA-36D6-4BAE-9D76-FD6EA21A2444}"
EndProject
Project("{FAE04EC0-301F-11D3-BF4B-00C04F79EFBC}") = "WebAPI", "WebAPI\WebAPI.csproj", "{FFE47020-EB89-45B3-BC18-1651306BD563}"
EndProject
Global
	GlobalSection(SolutionConfigurationPlatforms) = preSolution
		Debug|Any CPU = Debug|Any CPU
		Release|Any CPU = Release|Any CPU
	EndGlobalSection
	GlobalSection(ProjectConfigurationPlatforms) = postSolution
		{14D0F47A-68BF-4915-9228-8490A2CADC4B}.Debug|Any CPU.ActiveCfg = Debug|Any CPU
		{14D0F47A-68BF-4915-9228-8490A2CADC4B}.Debug|Any CPU.Build.0 = Debug|Any CPU
		{14D0F47A-68BF-4915-9228-8490A2CADC4B}.Release|Any CPU.ActiveCfg = Release|Any CPU
		{14D0F47A-68BF-4915-9228-8490A2CADC4B}.Release|Any CPU.Build.0 = Release|Any CPU
		{15A367F4-9077-4D39-9B2D-CDA9D5D6A7C3}.Debug|Any CPU.ActiveCfg = Debug|Any CPU
		{15A367F4-9077-4D39-9B2D-CDA9D5D6A7C3}.Debug|Any CPU.Build.0 = Debug|Any CPU
		{15A367F4-9077-4D39-9B2D-CDA9D5D6A7C3}.Release|Any CPU.ActiveCfg = Release|Any CPU
		{15A367F4-9077-4D39-9B2D-CDA9D5D6A7C3}.Release|Any CPU.Build.0 = Release|Any CPU
		{72FD4AF5-56A6-4B91-8C4A-ADC40D489FF5}.Debug|Any CPU.ActiveCfg = Debug|Any CPU
		{72FD4AF5-56A6-4B91-8C4A-ADC40D489FF5}.Debug|Any CPU.Build.0 = Debug|Any CPU
		{72FD4AF5-56A6-4B91-8C4A-ADC40D489FF5}.Release|Any CPU.ActiveCfg = Release|Any CPU
		{72FD4AF5-56A6-4B91-8C4A-ADC40D489FF5}.Release|Any CPU.Build.0 = Release|Any CPU
		{4A4AF7BD-F51C-44A4-8C43-E358E86D05FF}.Debug|Any CPU.ActiveCfg = Debug|Any CPU
		{4A4AF7BD-F51C-44A4-8C43-E358E86D05FF}.Debug|Any CPU.Build.0 = Debug|Any CPU
		{4A4AF7BD-F51C-44A4-8C43-E358E86D05FF}.Release|Any CPU.ActiveCfg = Release|Any CPU
		{4A4AF7BD-F51C-44A4-8C43-E358E86D05FF}.Release|Any CPU.Build.0 = Release|Any CPU
		{B18821DA-36D6-4BAE-9D76-FD6EA21A2444}.Debug|Any CPU.ActiveCfg = Debug|Any CPU
		{B18821DA-36D6-4BAE-9D76-FD6EA21A2444}.Debug|Any CPU.Build.0 = Debug|Any CPU
		{B18821DA-36D6-4BAE-9D76-FD6EA21A2444}.Release|Any CPU.ActiveCfg = Release|Any CPU
		{B18821DA-36D6-4BAE-9D76-FD6EA21A2444}.Release|Any CPU.Build.0 = Release|Any CPU
		{FFE47020-EB89-45B3-BC18-1651306BD563}.Debug|Any CPU.ActiveCfg = Debug|Any CPU
		{FFE47020-EB89-45B3-BC18-1651306BD563}.Debug|Any CPU.Build.0 = Debug|Any CPU
		{FFE47020-EB89-45B3-BC18-1651306BD563}.Release|Any CPU.ActiveCfg = Release|Any CPU
		{FFE47020-EB89-45B3-BC18-1651306BD563}.Release|Any CPU.Build.0 = Release|Any CPU
	EndGlobalSection
	GlobalSection(SolutionProperties) = preSolution
		HideSolutionNode = FALSE
	EndGlobalSection
	GlobalSection(ExtensibilityGlobals) = postSolution
		SolutionGuid = {C183E325-8972-4008-84FD-E67A4C3E3689}
	EndGlobalSection
EndGlobal
